
Microsoft Visual Studio Solution File, Format Version 12.00
# Visual Studio Version 17
VisualStudioVersion = 17.10.35013.160
MinimumVisualStudioVersion = 10.0.40219.1
Project("{FAE04EC0-301F-11D3-BF4B-00C04F79EFBC}") = "MasterPiece.Server", "MasterPiece.Server\MasterPiece.Server.csproj", "{36680D9B-E447-44B6-8CE0-A9997330B14E}"
EndProject
Project("{54A90642-561A-4BB1-A94E-469ADEE60C69}") = "masterpiece.client", "masterpiece.client\masterpiece.client.esproj", "{62D2CDB1-10EB-46EE-BD41-245EF052D27C}"
EndProject
Global
	GlobalSection(SolutionConfigurationPlatforms) = preSolution
		Debug|Any CPU = Debug|Any CPU
		Release|Any CPU = Release|Any CPU
	EndGlobalSection
	GlobalSection(ProjectConfigurationPlatforms) = postSolution
		{36680D9B-E447-44B6-8CE0-A9997330B14E}.Debug|Any CPU.ActiveCfg = Debug|Any CPU
		{36680D9B-E447-44B6-8CE0-A9997330B14E}.Debug|Any CPU.Build.0 = Debug|Any CPU
		{36680D9B-E447-44B6-8CE0-A9997330B14E}.Release|Any CPU.ActiveCfg = Release|Any CPU
		{36680D9B-E447-44B6-8CE0-A9997330B14E}.Release|Any CPU.Build.0 = Release|Any CPU
		{62D2CDB1-10EB-46EE-BD41-245EF052D27C}.Debug|Any CPU.ActiveCfg = Debug|Any CPU
		{62D2CDB1-10EB-46EE-BD41-245EF052D27C}.Debug|Any CPU.Build.0 = Debug|Any CPU
		{62D2CDB1-10EB-46EE-BD41-245EF052D27C}.Debug|Any CPU.Deploy.0 = Debug|Any CPU
		{62D2CDB1-10EB-46EE-BD41-245EF052D27C}.Release|Any CPU.ActiveCfg = Release|Any CPU
		{62D2CDB1-10EB-46EE-BD41-245EF052D27C}.Release|Any CPU.Build.0 = Release|Any CPU
		{62D2CDB1-10EB-46EE-BD41-245EF052D27C}.Release|Any CPU.Deploy.0 = Release|Any CPU
	EndGlobalSection
	GlobalSection(SolutionProperties) = preSolution
		HideSolutionNode = FALSE
	EndGlobalSection
	GlobalSection(ExtensibilityGlobals) = postSolution
		SolutionGuid = {40001A78-86CD-4570-A1DE-92F664CB9495}
	EndGlobalSection
EndGlobal
